
Microsoft Visual Studio Solution File, Format Version 12.00
# Visual Studio 2012
Project("{f2a71f9b-5d33-465a-a702-920d77279786}") = "inter", "inter\inter.fsproj", "{EF186FD8-BBEE-4951-8188-79F2BF22556D}"
EndProject
Global
	GlobalSection(SolutionConfigurationPlatforms) = preSolution
		Debug|x86 = Debug|x86
		Release|x86 = Release|x86
	EndGlobalSection
	GlobalSection(ProjectConfigurationPlatforms) = postSolution
		{EF186FD8-BBEE-4951-8188-79F2BF22556D}.Debug|x86.ActiveCfg = Debug|x86
		{EF186FD8-BBEE-4951-8188-79F2BF22556D}.Debug|x86.Build.0 = Debug|x86
		{EF186FD8-BBEE-4951-8188-79F2BF22556D}.Release|x86.ActiveCfg = Release|x86
		{EF186FD8-BBEE-4951-8188-79F2BF22556D}.Release|x86.Build.0 = Release|x86
	EndGlobalSection
EndGlobal
